
Microsoft Visual Studio Solution File, Format Version 12.00
# Visual Studio Version 17
VisualStudioVersion = 17.1.32407.343
MinimumVisualStudioVersion = 10.0.40219.1
Project("{FAE04EC0-301F-11D3-BF4B-00C04F79EFBC}") = "N1", "N1\N1.csproj", "{86E71607-5783-404B-8F07-2CD2A812DC2D}"
EndProject
Project("{FAE04EC0-301F-11D3-BF4B-00C04F79EFBC}") = "N2", "N2\N2.csproj", "{094D5E39-69BA-4371-9623-4259AE022534}"
EndProject
Global
	GlobalSection(SolutionConfigurationPlatforms) = preSolution
		Debug|Any CPU = Debug|Any CPU
		Release|Any CPU = Release|Any CPU
	EndGlobalSection
	GlobalSection(ProjectConfigurationPlatforms) = postSolution
		{86E71607-5783-404B-8F07-2CD2A812DC2D}.Debug|Any CPU.ActiveCfg = Debug|Any CPU
		{86E71607-5783-404B-8F07-2CD2A812DC2D}.Debug|Any CPU.Build.0 = Debug|Any CPU
		{86E71607-5783-404B-8F07-2CD2A812DC2D}.Release|Any CPU.ActiveCfg = Release|Any CPU
		{86E71607-5783-404B-8F07-2CD2A812DC2D}.Release|Any CPU.Build.0 = Release|Any CPU
		{094D5E39-69BA-4371-9623-4259AE022534}.Debug|Any CPU.ActiveCfg = Debug|Any CPU
		{094D5E39-69BA-4371-9623-4259AE022534}.Debug|Any CPU.Build.0 = Debug|Any CPU
		{094D5E39-69BA-4371-9623-4259AE022534}.Release|Any CPU.ActiveCfg = Release|Any CPU
		{094D5E39-69BA-4371-9623-4259AE022534}.Release|Any CPU.Build.0 = Release|Any CPU
	EndGlobalSection
	GlobalSection(SolutionProperties) = preSolution
		HideSolutionNode = FALSE
	EndGlobalSection
	GlobalSection(ExtensibilityGlobals) = postSolution
		SolutionGuid = {90CB637A-CEDF-4F9B-BD82-2759442443B9}
	EndGlobalSection
EndGlobal
